
Microsoft Visual Studio Solution File, Format Version 12.00
# Visual Studio Version 17
VisualStudioVersion = 17.6.33723.286
MinimumVisualStudioVersion = 10.0.40219.1
Project("{FAE04EC0-301F-11D3-BF4B-00C04F79EFBC}") = "FullstackBookshelf", "FullstackBookshelf\FullstackBookshelf.csproj", "{63FD19DC-FE4C-42DD-9E4D-3D6F7A18070B}"
EndProject
Global
	GlobalSection(SolutionConfigurationPlatforms) = preSolution
		Debug|Any CPU = Debug|Any CPU
		Release|Any CPU = Release|Any CPU
	EndGlobalSection
	GlobalSection(ProjectConfigurationPlatforms) = postSolution
		{63FD19DC-FE4C-42DD-9E4D-3D6F7A18070B}.Debug|Any CPU.ActiveCfg = Debug|Any CPU
		{63FD19DC-FE4C-42DD-9E4D-3D6F7A18070B}.Debug|Any CPU.Build.0 = Debug|Any CPU
		{63FD19DC-FE4C-42DD-9E4D-3D6F7A18070B}.Release|Any CPU.ActiveCfg = Release|Any CPU
		{63FD19DC-FE4C-42DD-9E4D-3D6F7A18070B}.Release|Any CPU.Build.0 = Release|Any CPU
	EndGlobalSection
	GlobalSection(SolutionProperties) = preSolution
		HideSolutionNode = FALSE
	EndGlobalSection
	GlobalSection(ExtensibilityGlobals) = postSolution
		SolutionGuid = {4671CCDB-1F59-4228-B916-B33E9979E520}
	EndGlobalSection
EndGlobal
